{
  "name": "danial-amin-blog-automation",
  "version": "1.0.0",
  "lockfileVersion": 3,
  "requires": true,
  "packages": {
    "": {
      "name": "danial-amin-blog-automation",
      "version": "1.0.0",
      "license": "MIT",
      "dependencies": {
        "github-calendar": "^2.3.4"
      },
      "engines": {
        "node": ">=14.0.0"
      }
    },
    "node_modules/add-subtract-date": {
      "version": "1.0.16",
      "resolved": "https://registry.npmjs.org/add-subtract-date/-/add-subtract-date-1.0.16.tgz",
      "integrity": "sha512-pmGFYgOmVhZ7R47PB/h/BLt/f77rVZL3WXvxSUWKSd6RTe7lHu7ZalQUYWJ2RXNIuv9KKZjstyuKnNQqbqtoGw==",
      "license": "MIT"
    },
    "node_modules/days": {
      "version": "1.1.1",
      "resolved": "https://registry.npmjs.org/days/-/days-1.1.1.tgz",
      "integrity": "sha512-vzeIwVsEIyA35GH4+mPd4hjVDNI87wYANyZFs0BHjBr5kIBH5zEl7LfD6Wr4SFZca4D3CU9IH1w4DuZLlXzKRw==",
      "license": "MIT",
      "engines": {
        "node": ">=0.10.0"
      }
    },
    "node_modules/elly": {
      "version": "1.1.11",
      "resolved": "https://registry.npmjs.org/elly/-/elly-1.1.11.tgz",
      "integrity": "sha512-WFKVcEKEOjdSOhNYFKWQoJDk0Sb0re6v0fIsGkePn97dmPpKM/YoOKRdYIb34T1R13KPRNzDBDmT/Flb/54NXg==",
      "license": "MIT",
      "dependencies": {
        "iterate-object": "^1.3.2",
        "sliced": "^1.0.1"
      }
    },
    "node_modules/fillo": {
      "version": "1.0.15",
      "resolved": "https://registry.npmjs.org/fillo/-/fillo-1.0.15.tgz",
      "integrity": "sha512-AU9+1s5J2halrmGGe9On+a8TXfbaXsY9JLz/sxPsmcISaqcGn0M9Pt6cQzKPesqdzQdSQ08JJHH5RZR9HdF2Jw==",
      "license": "MIT"
    },
    "node_modules/formatoid": {
      "version": "1.2.5",
      "resolved": "https://registry.npmjs.org/formatoid/-/formatoid-1.2.5.tgz",
      "integrity": "sha512-ADuqDTwrQd0800jF0G6tL3mWwO8aGStjypqvrwkhTnoQc2fD1hc9reGtrMiRmWK7ti1n2NUfy+6WKfJ+AJUsvA==",
      "license": "MIT",
      "dependencies": {
        "days": "^1.0.1",
        "fillo": "^1.0.0",
        "months": "^1.0.0",
        "parse-it": "^1.0.0"
      }
    },
    "node_modules/github-calendar": {
      "version": "2.3.4",
      "resolved": "https://registry.npmjs.org/github-calendar/-/github-calendar-2.3.4.tgz",
      "integrity": "sha512-B2szQw0xVOluHYeuamkVtJXCHk5TaVyPjw2z4ynfnGlQ/jr2cb66SPgeNDcDHlGONOipQccWxv/VNVN5Gqr14A==",
      "license": "MIT",
      "dependencies": {
        "add-subtract-date": "^1.0.15",
        "elly": "^1.1.11",
        "formatoid": "^1.2.4",
        "github-calendar-parser": "^1.2.2"
      }
    },
    "node_modules/github-calendar-legend": {
      "version": "1.0.12",
      "resolved": "https://registry.npmjs.org/github-calendar-legend/-/github-calendar-legend-1.0.12.tgz",
      "integrity": "sha512-dVsVt22egxG3VEkJdQTdgphQkDj4FyQ1Sen4o4GteEz4SA7s2rX9j2fDR46fZaPLU8IXfL4Ig0h3z/zmb6ORWA==",
      "license": "MIT"
    },
    "node_modules/github-calendar-parser": {
      "version": "1.2.3",
      "resolved": "https://registry.npmjs.org/github-calendar-parser/-/github-calendar-parser-1.2.3.tgz",
      "integrity": "sha512-yd7GcKibU01nfD82h5dxLVUOaNDySABhYN/Y29OP1p03h38UpJxy23qe2hheIHbtZAwvQ15ErPAapgVGXmbYnQ==",
      "license": "MIT",
      "dependencies": {
        "github-calendar-legend": "^1.0.11"
      }
    },
    "node_modules/iterate-object": {
      "version": "1.3.5",
      "resolved": "https://registry.npmjs.org/iterate-object/-/iterate-object-1.3.5.tgz",
      "integrity": "sha512-eL23u8oFooYTq6TtJKjp2RYjZnCkUYQvC0T/6fJfWykXJ3quvdDdzKZ3CEjy8b3JGOvLTjDYMEMIp5243R906A==",
      "license": "MIT"
    },
    "node_modules/months": {
      "version": "1.2.0",
      "resolved": "https://registry.npmjs.org/months/-/months-1.2.0.tgz",
      "integrity": "sha512-zFM7hUpziSYGk2DNObYGWgHdRRxAOgjl8CC1Rbl50p/q0rGDsREfk0nbxxmSIquVi/lEAuUY8nwbwkZ8biNCOQ==",
      "license": "MIT",
      "engines": {
        "node": ">=0.10.0"
      }
    },
    "node_modules/parse-it": {
      "version": "1.0.11",
      "resolved": "https://registry.npmjs.org/parse-it/-/parse-it-1.0.11.tgz",
      "integrity": "sha512-1OWDPQNF7eUxkqPdP4vFu96QnVwQjy2zag5CZcF3Ipd12s1iu8nPpgNBsda0tgZlj04vSrIZ5DQr2bqp5Cn6UQ==",
      "license": "MIT",
      "dependencies": {
        "regex-escape": "^3.4.0"
      }
    },
    "node_modules/regex-escape": {
      "version": "3.4.11",
      "resolved": "https://registry.npmjs.org/regex-escape/-/regex-escape-3.4.11.tgz",
      "integrity": "sha512-051l4Hl/0HoJwTvNztrWVjoxLiseSfCrDgWqwR1cnGM/nyQSeIjmvti5zZ7HzOmsXDPaJ2k0iFxQ6/WNpJD5wQ==",
      "license": "MIT"
    },
    "node_modules/sliced": {
      "version": "1.0.1",
      "resolved": "https://registry.npmjs.org/sliced/-/sliced-1.0.1.tgz",
      "integrity": "sha512-VZBmZP8WU3sMOZm1bdgTadsQbcscK0UM8oKxKVBs4XAhUo2Xxzm/OFMGBkPusxw9xL3Uy8LrzEqGqJhclsr0yA==",
      "license": "MIT"
    }
  }
}
